
Microsoft Visual Studio Solution File, Format Version 12.00
# Visual Studio Version 17
VisualStudioVersion = 17.0.31903.59
MinimumVisualStudioVersion = 10.0.40219.1
Project("{2150E333-8FDC-42A3-9474-1A3956D46DE8}") = "API", "API", "{8A796697-1296-4CD0-AE52-BEC11085AA25}"
EndProject
Project("{9A19103F-16F7-4668-BE54-9A1E7A4F7556}") = "SecretSanta.Auth.API", "Auth.API\SecretSanta.Auth.API.csproj", "{A2A6F6AA-552C-42B1-B443-A545952E273A}"
EndProject
Project("{9A19103F-16F7-4668-BE54-9A1E7A4F7556}") = "SecretSanta.Http.API", "Http.API\SecretSanta.Http.API.csproj", "{339BB4BB-56DE-4C9C-B981-A8E2965288B8}"
EndProject
Project("{2150E333-8FDC-42A3-9474-1A3956D46DE8}") = "src", "src", "{E838794B-8B7E-4FB6-8488-62AA67A8DDE4}"
	ProjectSection(SolutionItems) = preProject
		Dockerfile = Dockerfile
	EndProjectSection
EndProject
Project("{9A19103F-16F7-4668-BE54-9A1E7A4F7556}") = "SecretSanta.Services.Common", "SecretSanta.Common\SecretSanta.Services.Common.csproj", "{27ABEC6E-64A5-4C09-B103-F77DF6E0526A}"
EndProject
Project("{2150E333-8FDC-42A3-9474-1A3956D46DE8}") = "tests", "tests", "{15E617A8-7EDD-43FF-A005-AF299946AC7B}"
EndProject
Project("{9A19103F-16F7-4668-BE54-9A1E7A4F7556}") = "SecretSanta.UnitTest.Tennant", "SecretSanta.UnitTest.Tennant\SecretSanta.UnitTest.Tennant.csproj", "{D482E9F4-2B05-48D7-82E7-B69BCF84ADEC}"
EndProject
Project("{9A19103F-16F7-4668-BE54-9A1E7A4F7556}") = "SecretSanta.UnitTest.Auth.API", "SecretSanta.UnitTest.Auth.API\SecretSanta.UnitTest.Auth.API.csproj", "{7DF272AF-1BAA-4C8B-A470-E4AD471AF1F2}"
EndProject
Project("{2150E333-8FDC-42A3-9474-1A3956D46DE8}") = "API", "API", "{993EDE68-FFFE-44B1-B44E-0CC961EEC7F3}"
EndProject
Project("{9A19103F-16F7-4668-BE54-9A1E7A4F7556}") = "SecretSanta.UnitTest.Http.API", "SecretSanta.UnitTest.Http.API\SecretSanta.UnitTest.Http.API.csproj", "{4630F8CE-4CCE-4AD2-A217-37337E161117}"
EndProject
Project("{9A19103F-16F7-4668-BE54-9A1E7A4F7556}") = "SecretSanta.UnitTest.User", "SecretSanta.UnitTest.User\SecretSanta.UnitTest.User.csproj", "{419A6EEC-EAE0-4E9D-BA2F-6EB9F414763F}"
EndProject
Project("{9A19103F-16F7-4668-BE54-9A1E7A4F7556}") = "SecretSanta.Services.Event", "SecretSanta.Services.Event\SecretSanta.Services.Event.csproj", "{40848AE1-417F-4FE0-84BD-CFE31E50B28B}"
EndProject
Project("{9A19103F-16F7-4668-BE54-9A1E7A4F7556}") = "SecretSanta.Services.ConpanionSearch", "SecretSanta.Services.ConpanionSearch\SecretSanta.Services.ConpanionSearch.csproj", "{54B677B9-1B6F-48E0-8B5A-88FC56AAEF05}"
EndProject
Project("{9A19103F-16F7-4668-BE54-9A1E7A4F7556}") = "SecretSanta.Services.Tennant", "SecretSanta.Services.Tennant\SecretSanta.Services.Tennant.csproj", "{BCFE37F3-17B9-4845-884A-E556E3AA6DDF}"
EndProject
Project("{9A19103F-16F7-4668-BE54-9A1E7A4F7556}") = "SecretSanta.Services.User", "SecretSanta.Services.User\SecretSanta.Services.User.csproj", "{CD01B6AF-4F41-42F0-B839-370EBBB19153}"
EndProject
Project("{9A19103F-16F7-4668-BE54-9A1E7A4F7556}") = "SecretSanta.UnitTest.Event", "SecretSanta.UnitTest.Event\SecretSanta.UnitTest.Event.csproj", "{02A84882-F27A-4B8F-860D-5C2544C4FB2D}"
EndProject
Project("{9A19103F-16F7-4668-BE54-9A1E7A4F7556}") = "SecretSanta.UnitTest.CompanionSearch", "SecretSanta.UnitTest.CompanionSearch\SecretSanta.UnitTest.CompanionSearch.csproj", "{F6F5E232-D655-4136-8608-66271CCBB779}"
EndProject
Project("{E53339B2-1760-4266-BCC7-CA923CBCF16C}") = "docker-compose", "docker-compose.dcproj", "{2FBC4E22-8EF9-49ED-91A9-C5D500AC9C91}"
EndProject
Global
	GlobalSection(SolutionConfigurationPlatforms) = preSolution
		Debug|Any CPU = Debug|Any CPU
		Release|Any CPU = Release|Any CPU
	EndGlobalSection
	GlobalSection(ProjectConfigurationPlatforms) = postSolution
		{A2A6F6AA-552C-42B1-B443-A545952E273A}.Debug|Any CPU.ActiveCfg = Debug|Any CPU
		{A2A6F6AA-552C-42B1-B443-A545952E273A}.Debug|Any CPU.Build.0 = Debug|Any CPU
		{A2A6F6AA-552C-42B1-B443-A545952E273A}.Release|Any CPU.ActiveCfg = Release|Any CPU
		{A2A6F6AA-552C-42B1-B443-A545952E273A}.Release|Any CPU.Build.0 = Release|Any CPU
		{339BB4BB-56DE-4C9C-B981-A8E2965288B8}.Debug|Any CPU.ActiveCfg = Debug|Any CPU
		{339BB4BB-56DE-4C9C-B981-A8E2965288B8}.Debug|Any CPU.Build.0 = Debug|Any CPU
		{339BB4BB-56DE-4C9C-B981-A8E2965288B8}.Release|Any CPU.ActiveCfg = Release|Any CPU
		{339BB4BB-56DE-4C9C-B981-A8E2965288B8}.Release|Any CPU.Build.0 = Release|Any CPU
		{27ABEC6E-64A5-4C09-B103-F77DF6E0526A}.Debug|Any CPU.ActiveCfg = Debug|Any CPU
		{27ABEC6E-64A5-4C09-B103-F77DF6E0526A}.Debug|Any CPU.Build.0 = Debug|Any CPU
		{27ABEC6E-64A5-4C09-B103-F77DF6E0526A}.Release|Any CPU.ActiveCfg = Release|Any CPU
		{27ABEC6E-64A5-4C09-B103-F77DF6E0526A}.Release|Any CPU.Build.0 = Release|Any CPU
		{D482E9F4-2B05-48D7-82E7-B69BCF84ADEC}.Debug|Any CPU.ActiveCfg = Debug|Any CPU
		{D482E9F4-2B05-48D7-82E7-B69BCF84ADEC}.Debug|Any CPU.Build.0 = Debug|Any CPU
		{D482E9F4-2B05-48D7-82E7-B69BCF84ADEC}.Release|Any CPU.ActiveCfg = Release|Any CPU
		{D482E9F4-2B05-48D7-82E7-B69BCF84ADEC}.Release|Any CPU.Build.0 = Release|Any CPU
		{7DF272AF-1BAA-4C8B-A470-E4AD471AF1F2}.Debug|Any CPU.ActiveCfg = Debug|Any CPU
		{7DF272AF-1BAA-4C8B-A470-E4AD471AF1F2}.Debug|Any CPU.Build.0 = Debug|Any CPU
		{7DF272AF-1BAA-4C8B-A470-E4AD471AF1F2}.Release|Any CPU.ActiveCfg = Release|Any CPU
		{7DF272AF-1BAA-4C8B-A470-E4AD471AF1F2}.Release|Any CPU.Build.0 = Release|Any CPU
		{4630F8CE-4CCE-4AD2-A217-37337E161117}.Debug|Any CPU.ActiveCfg = Debug|Any CPU
		{4630F8CE-4CCE-4AD2-A217-37337E161117}.Debug|Any CPU.Build.0 = Debug|Any CPU
		{4630F8CE-4CCE-4AD2-A217-37337E161117}.Release|Any CPU.ActiveCfg = Release|Any CPU
		{4630F8CE-4CCE-4AD2-A217-37337E161117}.Release|Any CPU.Build.0 = Release|Any CPU
		{419A6EEC-EAE0-4E9D-BA2F-6EB9F414763F}.Debug|Any CPU.ActiveCfg = Debug|Any CPU
		{419A6EEC-EAE0-4E9D-BA2F-6EB9F414763F}.Debug|Any CPU.Build.0 = Debug|Any CPU
		{419A6EEC-EAE0-4E9D-BA2F-6EB9F414763F}.Release|Any CPU.ActiveCfg = Release|Any CPU
		{419A6EEC-EAE0-4E9D-BA2F-6EB9F414763F}.Release|Any CPU.Build.0 = Release|Any CPU
		{40848AE1-417F-4FE0-84BD-CFE31E50B28B}.Debug|Any CPU.ActiveCfg = Debug|Any CPU
		{40848AE1-417F-4FE0-84BD-CFE31E50B28B}.Debug|Any CPU.Build.0 = Debug|Any CPU
		{40848AE1-417F-4FE0-84BD-CFE31E50B28B}.Release|Any CPU.ActiveCfg = Release|Any CPU
		{40848AE1-417F-4FE0-84BD-CFE31E50B28B}.Release|Any CPU.Build.0 = Release|Any CPU
		{54B677B9-1B6F-48E0-8B5A-88FC56AAEF05}.Debug|Any CPU.ActiveCfg = Debug|Any CPU
		{54B677B9-1B6F-48E0-8B5A-88FC56AAEF05}.Debug|Any CPU.Build.0 = Debug|Any CPU
		{54B677B9-1B6F-48E0-8B5A-88FC56AAEF05}.Release|Any CPU.ActiveCfg = Release|Any CPU
		{54B677B9-1B6F-48E0-8B5A-88FC56AAEF05}.Release|Any CPU.Build.0 = Release|Any CPU
		{BCFE37F3-17B9-4845-884A-E556E3AA6DDF}.Debug|Any CPU.ActiveCfg = Debug|Any CPU
		{BCFE37F3-17B9-4845-884A-E556E3AA6DDF}.Debug|Any CPU.Build.0 = Debug|Any CPU
		{BCFE37F3-17B9-4845-884A-E556E3AA6DDF}.Release|Any CPU.ActiveCfg = Release|Any CPU
		{BCFE37F3-17B9-4845-884A-E556E3AA6DDF}.Release|Any CPU.Build.0 = Release|Any CPU
		{CD01B6AF-4F41-42F0-B839-370EBBB19153}.Debug|Any CPU.ActiveCfg = Debug|Any CPU
		{CD01B6AF-4F41-42F0-B839-370EBBB19153}.Debug|Any CPU.Build.0 = Debug|Any CPU
		{CD01B6AF-4F41-42F0-B839-370EBBB19153}.Release|Any CPU.ActiveCfg = Release|Any CPU
		{CD01B6AF-4F41-42F0-B839-370EBBB19153}.Release|Any CPU.Build.0 = Release|Any CPU
		{02A84882-F27A-4B8F-860D-5C2544C4FB2D}.Debug|Any CPU.ActiveCfg = Debug|Any CPU
		{02A84882-F27A-4B8F-860D-5C2544C4FB2D}.Debug|Any CPU.Build.0 = Debug|Any CPU
		{02A84882-F27A-4B8F-860D-5C2544C4FB2D}.Release|Any CPU.ActiveCfg = Release|Any CPU
		{02A84882-F27A-4B8F-860D-5C2544C4FB2D}.Release|Any CPU.Build.0 = Release|Any CPU
		{F6F5E232-D655-4136-8608-66271CCBB779}.Debug|Any CPU.ActiveCfg = Debug|Any CPU
		{F6F5E232-D655-4136-8608-66271CCBB779}.Debug|Any CPU.Build.0 = Debug|Any CPU
		{F6F5E232-D655-4136-8608-66271CCBB779}.Release|Any CPU.ActiveCfg = Release|Any CPU
		{F6F5E232-D655-4136-8608-66271CCBB779}.Release|Any CPU.Build.0 = Release|Any CPU
		{2FBC4E22-8EF9-49ED-91A9-C5D500AC9C91}.Debug|Any CPU.ActiveCfg = Debug|Any CPU
		{2FBC4E22-8EF9-49ED-91A9-C5D500AC9C91}.Debug|Any CPU.Build.0 = Debug|Any CPU
		{2FBC4E22-8EF9-49ED-91A9-C5D500AC9C91}.Release|Any CPU.ActiveCfg = Release|Any CPU
		{2FBC4E22-8EF9-49ED-91A9-C5D500AC9C91}.Release|Any CPU.Build.0 = Release|Any CPU
	EndGlobalSection
	GlobalSection(SolutionProperties) = preSolution
		HideSolutionNode = FALSE
	EndGlobalSection
	GlobalSection(NestedProjects) = preSolution
		{8A796697-1296-4CD0-AE52-BEC11085AA25} = {E838794B-8B7E-4FB6-8488-62AA67A8DDE4}
		{A2A6F6AA-552C-42B1-B443-A545952E273A} = {8A796697-1296-4CD0-AE52-BEC11085AA25}
		{339BB4BB-56DE-4C9C-B981-A8E2965288B8} = {8A796697-1296-4CD0-AE52-BEC11085AA25}
		{27ABEC6E-64A5-4C09-B103-F77DF6E0526A} = {E838794B-8B7E-4FB6-8488-62AA67A8DDE4}
		{D482E9F4-2B05-48D7-82E7-B69BCF84ADEC} = {15E617A8-7EDD-43FF-A005-AF299946AC7B}
		{7DF272AF-1BAA-4C8B-A470-E4AD471AF1F2} = {993EDE68-FFFE-44B1-B44E-0CC961EEC7F3}
		{993EDE68-FFFE-44B1-B44E-0CC961EEC7F3} = {15E617A8-7EDD-43FF-A005-AF299946AC7B}
		{4630F8CE-4CCE-4AD2-A217-37337E161117} = {993EDE68-FFFE-44B1-B44E-0CC961EEC7F3}
		{419A6EEC-EAE0-4E9D-BA2F-6EB9F414763F} = {15E617A8-7EDD-43FF-A005-AF299946AC7B}
		{40848AE1-417F-4FE0-84BD-CFE31E50B28B} = {E838794B-8B7E-4FB6-8488-62AA67A8DDE4}
		{54B677B9-1B6F-48E0-8B5A-88FC56AAEF05} = {E838794B-8B7E-4FB6-8488-62AA67A8DDE4}
		{BCFE37F3-17B9-4845-884A-E556E3AA6DDF} = {E838794B-8B7E-4FB6-8488-62AA67A8DDE4}
		{CD01B6AF-4F41-42F0-B839-370EBBB19153} = {E838794B-8B7E-4FB6-8488-62AA67A8DDE4}
		{02A84882-F27A-4B8F-860D-5C2544C4FB2D} = {15E617A8-7EDD-43FF-A005-AF299946AC7B}
		{F6F5E232-D655-4136-8608-66271CCBB779} = {15E617A8-7EDD-43FF-A005-AF299946AC7B}
	EndGlobalSection
	GlobalSection(ExtensibilityGlobals) = postSolution
		SolutionGuid = {B54D42CC-5C25-41AA-AC72-5F5B2E7B8D35}
	EndGlobalSection
EndGlobal
